
Microsoft Visual Studio Solution File, Format Version 12.00
# Visual Studio Version 17
VisualStudioVersion = 17.11.35208.52
MinimumVisualStudioVersion = 10.0.40219.1
Project("{9A19103F-16F7-4668-BE54-9A1E7A4F7556}") = "Biblioteca", "Biblioteca.csproj", "{A51E3E05-AD54-47C4-A810-320B87B538F5}"
EndProject
Project("{FAE04EC0-301F-11D3-BF4B-00C04F79EFBC}") = "BibliotecaShared.Models", "..\BibliotecaShared.Models\BibliotecaShared.Models.csproj", "{06138D0F-D799-42D5-A3E6-BBFDC055384D}"
EndProject
Project("{FAE04EC0-301F-11D3-BF4B-00C04F79EFBC}") = "BibliotecaShared.Data", "..\BibliotecaShared.Data\BibliotecaShared.Data.csproj", "{515B8DEE-14C1-497F-8E5C-436C55FE714F}"
EndProject
Global
	GlobalSection(SolutionConfigurationPlatforms) = preSolution
		Debug|Any CPU = Debug|Any CPU
		Release|Any CPU = Release|Any CPU
	EndGlobalSection
	GlobalSection(ProjectConfigurationPlatforms) = postSolution
		{A51E3E05-AD54-47C4-A810-320B87B538F5}.Debug|Any CPU.ActiveCfg = Debug|Any CPU
		{A51E3E05-AD54-47C4-A810-320B87B538F5}.Debug|Any CPU.Build.0 = Debug|Any CPU
		{A51E3E05-AD54-47C4-A810-320B87B538F5}.Release|Any CPU.ActiveCfg = Release|Any CPU
		{A51E3E05-AD54-47C4-A810-320B87B538F5}.Release|Any CPU.Build.0 = Release|Any CPU
		{06138D0F-D799-42D5-A3E6-BBFDC055384D}.Debug|Any CPU.ActiveCfg = Debug|Any CPU
		{06138D0F-D799-42D5-A3E6-BBFDC055384D}.Debug|Any CPU.Build.0 = Debug|Any CPU
		{06138D0F-D799-42D5-A3E6-BBFDC055384D}.Release|Any CPU.ActiveCfg = Release|Any CPU
		{06138D0F-D799-42D5-A3E6-BBFDC055384D}.Release|Any CPU.Build.0 = Release|Any CPU
		{515B8DEE-14C1-497F-8E5C-436C55FE714F}.Debug|Any CPU.ActiveCfg = Debug|Any CPU
		{515B8DEE-14C1-497F-8E5C-436C55FE714F}.Debug|Any CPU.Build.0 = Debug|Any CPU
		{515B8DEE-14C1-497F-8E5C-436C55FE714F}.Release|Any CPU.ActiveCfg = Release|Any CPU
		{515B8DEE-14C1-497F-8E5C-436C55FE714F}.Release|Any CPU.Build.0 = Release|Any CPU
	EndGlobalSection
	GlobalSection(SolutionProperties) = preSolution
		HideSolutionNode = FALSE
	EndGlobalSection
	GlobalSection(ExtensibilityGlobals) = postSolution
		SolutionGuid = {E553A1EA-B21F-4F02-829A-DD866CD8371B}
	EndGlobalSection
EndGlobal
